Microsoft Visual Studio Solution File, Format Version 12.00
# Visual Studio Version 16
VisualStudioVersion = 16.0.29102.190
MinimumVisualStudioVersion = 15.0.26124.0
Project("{9A19103F-16F7-4668-BE54-9A1E7A4F7556}") = "Battery-Commander.Web", "Battery-Commander.Web\Battery-Commander.Web.csproj", "{3D68C84C-78BC-4883-B8C7-1A0E004FD207}"
EndProject
Project("{9A19103F-16F7-4668-BE54-9A1E7A4F7556}") = "Battery-Commander.Tests", "Battery-Commander.Tests\Battery-Commander.Tests.csproj", "{CDA80849-0577-49D2-9B45-9CDEF3A291B2}"
EndProject
Project("{2150E333-8FDC-42A3-9474-1A3956D46DE8}") = "SolutionItems", "SolutionItems", "{CAA9584A-BE2D-43BE-933A-79715C6A64F1}"
	ProjectSection(SolutionItems) = preProject
		.gitattributes = .gitattributes
		.gitignore = .gitignore
		LICENSE = LICENSE
		README.md = README.md
	EndProjectSection
EndProject
Project("{2150E333-8FDC-42A3-9474-1A3956D46DE8}") = "Scripts", "Scripts", "{ECA5AE33-1102-4E6A-8954-3CFA446521B0}"
	ProjectSection(SolutionItems) = preProject
		scripts\_Helpers.psm1 = scripts\_Helpers.psm1
		scripts\Bulk-Load-Weapons.ps1 = scripts\Bulk-Load-Weapons.ps1
	EndProjectSection
EndProject
Global
	GlobalSection(SolutionConfigurationPlatforms) = preSolution
		Debug|Any CPU = Debug|Any CPU
		Debug|x64 = Debug|x64
		Debug|x86 = Debug|x86
		Release|Any CPU = Release|Any CPU
		Release|x64 = Release|x64
		Release|x86 = Release|x86
	EndGlobalSection
	GlobalSection(ProjectConfigurationPlatforms) = postSolution
		{3D68C84C-78BC-4883-B8C7-1A0E004FD207}.Debug|Any CPU.ActiveCfg = Debug|Any CPU
		{3D68C84C-78BC-4883-B8C7-1A0E004FD207}.Debug|Any CPU.Build.0 = Debug|Any CPU
		{3D68C84C-78BC-4883-B8C7-1A0E004FD207}.Debug|x64.ActiveCfg = Debug|Any CPU
		{3D68C84C-78BC-4883-B8C7-1A0E004FD207}.Debug|x64.Build.0 = Debug|Any CPU
		{3D68C84C-78BC-4883-B8C7-1A0E004FD207}.Debug|x86.ActiveCfg = Debug|Any CPU
		{3D68C84C-78BC-4883-B8C7-1A0E004FD207}.Debug|x86.Build.0 = Debug|Any CPU
		{3D68C84C-78BC-4883-B8C7-1A0E004FD207}.Release|Any CPU.ActiveCfg = Release|Any CPU
		{3D68C84C-78BC-4883-B8C7-1A0E004FD207}.Release|Any CPU.Build.0 = Release|Any CPU
		{3D68C84C-78BC-4883-B8C7-1A0E004FD207}.Release|x64.ActiveCfg = Release|Any CPU
		{3D68C84C-78BC-4883-B8C7-1A0E004FD207}.Release|x64.Build.0 = Release|Any CPU
		{3D68C84C-78BC-4883-B8C7-1A0E004FD207}.Release|x86.ActiveCfg = Release|Any CPU
		{3D68C84C-78BC-4883-B8C7-1A0E004FD207}.Release|x86.Build.0 = Release|Any CPU
		{CDA80849-0577-49D2-9B45-9CDEF3A291B2}.Debug|Any CPU.ActiveCfg = Debug|Any CPU
		{CDA80849-0577-49D2-9B45-9CDEF3A291B2}.Debug|Any CPU.Build.0 = Debug|Any CPU
		{CDA80849-0577-49D2-9B45-9CDEF3A291B2}.Debug|x64.ActiveCfg = Debug|Any CPU
		{CDA80849-0577-49D2-9B45-9CDEF3A291B2}.Debug|x64.Build.0 = Debug|Any CPU
		{CDA80849-0577-49D2-9B45-9CDEF3A291B2}.Debug|x86.ActiveCfg = Debug|Any CPU
		{CDA80849-0577-49D2-9B45-9CDEF3A291B2}.Debug|x86.Build.0 = Debug|Any CPU
		{CDA80849-0577-49D2-9B45-9CDEF3A291B2}.Release|Any CPU.ActiveCfg = Release|Any CPU
		{CDA80849-0577-49D2-9B45-9CDEF3A291B2}.Release|Any CPU.Build.0 = Release|Any CPU
		{CDA80849-0577-49D2-9B45-9CDEF3A291B2}.Release|x64.ActiveCfg = Release|Any CPU
		{CDA80849-0577-49D2-9B45-9CDEF3A291B2}.Release|x64.Build.0 = Release|Any CPU
		{CDA80849-0577-49D2-9B45-9CDEF3A291B2}.Release|x86.ActiveCfg = Release|Any CPU
		{CDA80849-0577-49D2-9B45-9CDEF3A291B2}.Release|x86.Build.0 = Release|Any CPU
	EndGlobalSection
	GlobalSection(SolutionProperties) = preSolution
		HideSolutionNode = FALSE
	EndGlobalSection
	GlobalSection(ExtensibilityGlobals) = postSolution
		SolutionGuid = {7F8964B9-892A-44B1-B3C4-F5F9F06EF547}
	EndGlobalSection
EndGlobal
